schema: '2.0'
stages:
  prepare:
    cmd: python src/prepare.py
    deps:
    - path: src/prepare.py
      hash: md5
      md5: 3b0e620697c57310a5ff26d8f9954444
      size: 394
    outs:
    - path: data/raw
      hash: md5
      md5: 692d8e2b3636850fe1ccdcfc2a94a3c6.dir
      size: 30869925
      nfiles: 1
  preprocess:
    cmd: python src/preprocess.py
    deps:
    - path: data/raw
      hash: md5
      md5: 692d8e2b3636850fe1ccdcfc2a94a3c6.dir
      size: 30869925
      nfiles: 1
    - path: src/preprocess.py
      hash: md5
      md5: 69ac054fc2c79ba1bed355ea5850bd08
      size: 876
    params:
      params.yaml:
        preprocess.seed: 42
        preprocess.test_size: 0.2
    outs:
    - path: data/processed
      hash: md5
      md5: e7fb4ac7362d8cc3c532a6fb1e3ebe17.dir
      size: 45652451
      nfiles: 3
  train:
    cmd: python src/train.py
    deps:
    - path: data/processed
      hash: md5
      md5: 44bf39a200ce3d60cfa1d452decb40b2.dir
      size: 45388646
      nfiles: 3
    - path: src/train.py
      hash: md5
      md5: 7216325ba9b559208867c00e0d4015c8
      size: 929
    params:
      params.yaml:
        train.batch_size: 64
        train.dense_units: 256
        train.dropout_rate: 0.2
        train.epochs: 5
        train.learning_rate: 0.001
    outs:
    - path: models/history.csv
      hash: md5
      md5: 0225b7f327505bb009b409f9f0e58cb3
      size: 423
    - path: models/model.h5
      hash: md5
      md5: 65030a2c6c31627ddaef4dcff644d6ac
      size: 2466904
  evaluate:
    cmd: python src/evaluate.py
    deps:
    - path: data/processed
      hash: md5
      md5: 44bf39a200ce3d60cfa1d452decb40b2.dir
      size: 45388646
      nfiles: 3
    - path: models/model.h5
      hash: md5
      md5: 65030a2c6c31627ddaef4dcff644d6ac
      size: 2466904
    - path: src/evaluate.py
      hash: md5
      md5: 86fb2d54529da51e3e7bf8dbb4825a9e
      size: 749
    outs:
    - path: metrics.json
      hash: md5
      md5: ebaeef323008225e0ac1dad049852ea9
      size: 80
    - path: plots/confusion_matrix.png
      hash: md5
      md5: 2160ebfde9069474935feaaef26a06b8
      size: 46115
